
Microsoft Visual Studio Solution File, Format Version 12.00
# Visual Studio Version 17
VisualStudioVersion = 17.1.32228.430
MinimumVisualStudioVersion = 10.0.40219.1
Project("{8BC9CEB8-8B4A-11D0-8D11-00A0C91BC942}") = "CodingTest2022", "CodingTest2022\CodingTest2022.vcxproj", "{4A81BBDC-35E6-49DA-8CEB-5828F8B7C1D0}"
EndProject
Project("{8BC9CEB8-8B4A-11D0-8D11-00A0C91BC942}") = "varTest", "varTest\varTest.vcxproj", "{3EB6C33F-E8CD-471F-AE1D-8B91A1AFE13F}"
EndProject
Project("{8BC9CEB8-8B4A-11D0-8D11-00A0C91BC942}") = "operatorTest", "operatorTest\operatorTest.vcxproj", "{A3B1B329-1617-4088-8524-4FEF4EF214D9}"
EndProject
Project("{8BC9CEB8-8B4A-11D0-8D11-00A0C91BC942}") = "logicalTest", "logicalTest\logicalTest.vcxproj", "{682BFD9D-08B8-4620-AE3F-F505790C14A8}"
EndProject
Project("{8BC9CEB8-8B4A-11D0-8D11-00A0C91BC942}") = "array1", "array1\array1.vcxproj", "{2AE55ED3-8240-4A41-B4A0-8FF2C094EBD8}"
EndProject
Project("{8BC9CEB8-8B4A-11D0-8D11-00A0C91BC942}") = "array2", "array2\array2.vcxproj", "{F7A27C1A-40C9-41D1-9E37-6F40EDC66F73}"
EndProject
Project("{8BC9CEB8-8B4A-11D0-8D11-00A0C91BC942}") = "array3", "array3\array3.vcxproj", "{E21B7E72-931D-4359-8051-BE7A23057BE1}"
EndProject
Project("{8BC9CEB8-8B4A-11D0-8D11-00A0C91BC942}") = "sumAvg", "sumAvg\sumAvg.vcxproj", "{8073290E-72C1-4D68-AC95-98FCC3B38918}"
EndProject
Project("{8BC9CEB8-8B4A-11D0-8D11-00A0C91BC942}") = "getMax", "getMax\getMax.vcxproj", "{97CE591B-C209-4B3B-8C8A-250B20912B7A}"
EndProject
Project("{8BC9CEB8-8B4A-11D0-8D11-00A0C91BC942}") = "getMin", "getMin\getMin.vcxproj", "{F52BB0E0-6EE4-4693-9B79-6D8B56996301}"
EndProject
Project("{8BC9CEB8-8B4A-11D0-8D11-00A0C91BC942}") = "search", "arraySearch\arraySearch.vcxproj", "{35073E49-F980-4A32-B79C-18ACF27688F4}"
EndProject
Project("{8BC9CEB8-8B4A-11D0-8D11-00A0C91BC942}") = "arrayCopy", "copy\copy.vcxproj", "{D31803FB-84D3-4671-9E42-9369A517D10D}"
EndProject
Project("{8BC9CEB8-8B4A-11D0-8D11-00A0C91BC942}") = "arrayEx", "arrayEx\arrayEx.vcxproj", "{9D9A0F5A-4EAF-4661-B051-674A63F92A8F}"
EndProject
Project("{8BC9CEB8-8B4A-11D0-8D11-00A0C91BC942}") = "char1", "char1\char1.vcxproj", "{AF8BC86A-8B19-4143-A91A-743A03360A0E}"
EndProject
Project("{8BC9CEB8-8B4A-11D0-8D11-00A0C91BC942}") = "char2", "char2\char2.vcxproj", "{F3F8222C-BA7F-43B8-AFCE-449D244A47A8}"
EndProject
Project("{8BC9CEB8-8B4A-11D0-8D11-00A0C91BC942}") = "char3", "char3\char3.vcxproj", "{4C5DC16A-75E0-49D6-976A-E1DF102EF4AD}"
EndProject
Project("{8BC9CEB8-8B4A-11D0-8D11-00A0C91BC942}") = "charCopy", "charCopy\charCopy.vcxproj", "{94B7BC55-AA7C-4B0B-B793-9319145DA72D}"
EndProject
Project("{8BC9CEB8-8B4A-11D0-8D11-00A0C91BC942}") = "charCopy2", "charCopy2\charCopy2.vcxproj", "{BD3728B9-40A8-4A50-81C3-CE99158C9AE1}"
EndProject
Project("{8BC9CEB8-8B4A-11D0-8D11-00A0C91BC942}") = "strTest", "strTest\strTest.vcxproj", "{599246E8-DB4B-41B9-808C-756CC10EBF2A}"
EndProject
Project("{8BC9CEB8-8B4A-11D0-8D11-00A0C91BC942}") = "strTest2", "strTest2\strTest2.vcxproj", "{2C0DF37B-B98E-417A-BF33-42B490562FD4}"
EndProject
Global
	GlobalSection(SolutionConfigurationPlatforms) = preSolution
		Debug|x64 = Debug|x64
		Debug|x86 = Debug|x86
		Release|x64 = Release|x64
		Release|x86 = Release|x86
	EndGlobalSection
	GlobalSection(ProjectConfigurationPlatforms) = postSolution
		{4A81BBDC-35E6-49DA-8CEB-5828F8B7C1D0}.Debug|x64.ActiveCfg = Debug|x64
		{4A81BBDC-35E6-49DA-8CEB-5828F8B7C1D0}.Debug|x64.Build.0 = Debug|x64
		{4A81BBDC-35E6-49DA-8CEB-5828F8B7C1D0}.Debug|x86.ActiveCfg = Debug|Win32
		{4A81BBDC-35E6-49DA-8CEB-5828F8B7C1D0}.Debug|x86.Build.0 = Debug|Win32
		{4A81BBDC-35E6-49DA-8CEB-5828F8B7C1D0}.Release|x64.ActiveCfg = Release|x64
		{4A81BBDC-35E6-49DA-8CEB-5828F8B7C1D0}.Release|x64.Build.0 = Release|x64
		{4A81BBDC-35E6-49DA-8CEB-5828F8B7C1D0}.Release|x86.ActiveCfg = Release|Win32
		{4A81BBDC-35E6-49DA-8CEB-5828F8B7C1D0}.Release|x86.Build.0 = Release|Win32
		{3EB6C33F-E8CD-471F-AE1D-8B91A1AFE13F}.Debug|x64.ActiveCfg = Debug|x64
		{3EB6C33F-E8CD-471F-AE1D-8B91A1AFE13F}.Debug|x64.Build.0 = Debug|x64
		{3EB6C33F-E8CD-471F-AE1D-8B91A1AFE13F}.Debug|x86.ActiveCfg = Debug|Win32
		{3EB6C33F-E8CD-471F-AE1D-8B91A1AFE13F}.Debug|x86.Build.0 = Debug|Win32
		{3EB6C33F-E8CD-471F-AE1D-8B91A1AFE13F}.Release|x64.ActiveCfg = Release|x64
		{3EB6C33F-E8CD-471F-AE1D-8B91A1AFE13F}.Release|x64.Build.0 = Release|x64
		{3EB6C33F-E8CD-471F-AE1D-8B91A1AFE13F}.Release|x86.ActiveCfg = Release|Win32
		{3EB6C33F-E8CD-471F-AE1D-8B91A1AFE13F}.Release|x86.Build.0 = Release|Win32
		{A3B1B329-1617-4088-8524-4FEF4EF214D9}.Debug|x64.ActiveCfg = Debug|x64
		{A3B1B329-1617-4088-8524-4FEF4EF214D9}.Debug|x64.Build.0 = Debug|x64
		{A3B1B329-1617-4088-8524-4FEF4EF214D9}.Debug|x86.ActiveCfg = Debug|Win32
		{A3B1B329-1617-4088-8524-4FEF4EF214D9}.Debug|x86.Build.0 = Debug|Win32
		{A3B1B329-1617-4088-8524-4FEF4EF214D9}.Release|x64.ActiveCfg = Release|x64
		{A3B1B329-1617-4088-8524-4FEF4EF214D9}.Release|x64.Build.0 = Release|x64
		{A3B1B329-1617-4088-8524-4FEF4EF214D9}.Release|x86.ActiveCfg = Release|Win32
		{A3B1B329-1617-4088-8524-4FEF4EF214D9}.Release|x86.Build.0 = Release|Win32
		{682BFD9D-08B8-4620-AE3F-F505790C14A8}.Debug|x64.ActiveCfg = Debug|x64
		{682BFD9D-08B8-4620-AE3F-F505790C14A8}.Debug|x64.Build.0 = Debug|x64
		{682BFD9D-08B8-4620-AE3F-F505790C14A8}.Debug|x86.ActiveCfg = Debug|Win32
		{682BFD9D-08B8-4620-AE3F-F505790C14A8}.Debug|x86.Build.0 = Debug|Win32
		{682BFD9D-08B8-4620-AE3F-F505790C14A8}.Release|x64.ActiveCfg = Release|x64
		{682BFD9D-08B8-4620-AE3F-F505790C14A8}.Release|x64.Build.0 = Release|x64
		{682BFD9D-08B8-4620-AE3F-F505790C14A8}.Release|x86.ActiveCfg = Release|Win32
		{682BFD9D-08B8-4620-AE3F-F505790C14A8}.Release|x86.Build.0 = Release|Win32
		{2AE55ED3-8240-4A41-B4A0-8FF2C094EBD8}.Debug|x64.ActiveCfg = Debug|x64
		{2AE55ED3-8240-4A41-B4A0-8FF2C094EBD8}.Debug|x64.Build.0 = Debug|x64
		{2AE55ED3-8240-4A41-B4A0-8FF2C094EBD8}.Debug|x86.ActiveCfg = Debug|Win32
		{2AE55ED3-8240-4A41-B4A0-8FF2C094EBD8}.Debug|x86.Build.0 = Debug|Win32
		{2AE55ED3-8240-4A41-B4A0-8FF2C094EBD8}.Release|x64.ActiveCfg = Release|x64
		{2AE55ED3-8240-4A41-B4A0-8FF2C094EBD8}.Release|x64.Build.0 = Release|x64
		{2AE55ED3-8240-4A41-B4A0-8FF2C094EBD8}.Release|x86.ActiveCfg = Release|Win32
		{2AE55ED3-8240-4A41-B4A0-8FF2C094EBD8}.Release|x86.Build.0 = Release|Win32
		{F7A27C1A-40C9-41D1-9E37-6F40EDC66F73}.Debug|x64.ActiveCfg = Debug|x64
		{F7A27C1A-40C9-41D1-9E37-6F40EDC66F73}.Debug|x64.Build.0 = Debug|x64
		{F7A27C1A-40C9-41D1-9E37-6F40EDC66F73}.Debug|x86.ActiveCfg = Debug|Win32
		{F7A27C1A-40C9-41D1-9E37-6F40EDC66F73}.Debug|x86.Build.0 = Debug|Win32
		{F7A27C1A-40C9-41D1-9E37-6F40EDC66F73}.Release|x64.ActiveCfg = Release|x64
		{F7A27C1A-40C9-41D1-9E37-6F40EDC66F73}.Release|x64.Build.0 = Release|x64
		{F7A27C1A-40C9-41D1-9E37-6F40EDC66F73}.Release|x86.ActiveCfg = Release|Win32
		{F7A27C1A-40C9-41D1-9E37-6F40EDC66F73}.Release|x86.Build.0 = Release|Win32
		{E21B7E72-931D-4359-8051-BE7A23057BE1}.Debug|x64.ActiveCfg = Debug|x64
		{E21B7E72-931D-4359-8051-BE7A23057BE1}.Debug|x64.Build.0 = Debug|x64
		{E21B7E72-931D-4359-8051-BE7A23057BE1}.Debug|x86.ActiveCfg = Debug|Win32
		{E21B7E72-931D-4359-8051-BE7A23057BE1}.Debug|x86.Build.0 = Debug|Win32
		{E21B7E72-931D-4359-8051-BE7A23057BE1}.Release|x64.ActiveCfg = Release|x64
		{E21B7E72-931D-4359-8051-BE7A23057BE1}.Release|x64.Build.0 = Release|x64
		{E21B7E72-931D-4359-8051-BE7A23057BE1}.Release|x86.ActiveCfg = Release|Win32
		{E21B7E72-931D-4359-8051-BE7A23057BE1}.Release|x86.Build.0 = Release|Win32
		{8073290E-72C1-4D68-AC95-98FCC3B38918}.Debug|x64.ActiveCfg = Debug|x64
		{8073290E-72C1-4D68-AC95-98FCC3B38918}.Debug|x64.Build.0 = Debug|x64
		{8073290E-72C1-4D68-AC95-98FCC3B38918}.Debug|x86.ActiveCfg = Debug|Win32
		{8073290E-72C1-4D68-AC95-98FCC3B38918}.Debug|x86.Build.0 = Debug|Win32
		{8073290E-72C1-4D68-AC95-98FCC3B38918}.Release|x64.ActiveCfg = Release|x64
		{8073290E-72C1-4D68-AC95-98FCC3B38918}.Release|x64.Build.0 = Release|x64
		{8073290E-72C1-4D68-AC95-98FCC3B38918}.Release|x86.ActiveCfg = Release|Win32
		{8073290E-72C1-4D68-AC95-98FCC3B38918}.Release|x86.Build.0 = Release|Win32
		{97CE591B-C209-4B3B-8C8A-250B20912B7A}.Debug|x64.ActiveCfg = Debug|x64
		{97CE591B-C209-4B3B-8C8A-250B20912B7A}.Debug|x64.Build.0 = Debug|x64
		{97CE591B-C209-4B3B-8C8A-250B20912B7A}.Debug|x86.ActiveCfg = Debug|Win32
		{97CE591B-C209-4B3B-8C8A-250B20912B7A}.Debug|x86.Build.0 = Debug|Win32
		{97CE591B-C209-4B3B-8C8A-250B20912B7A}.Release|x64.ActiveCfg = Release|x64
		{97CE591B-C209-4B3B-8C8A-250B20912B7A}.Release|x64.Build.0 = Release|x64
		{97CE591B-C209-4B3B-8C8A-250B20912B7A}.Release|x86.ActiveCfg = Release|Win32
		{97CE591B-C209-4B3B-8C8A-250B20912B7A}.Release|x86.Build.0 = Release|Win32
		{F52BB0E0-6EE4-4693-9B79-6D8B56996301}.Debug|x64.ActiveCfg = Debug|x64
		{F52BB0E0-6EE4-4693-9B79-6D8B56996301}.Debug|x64.Build.0 = Debug|x64
		{F52BB0E0-6EE4-4693-9B79-6D8B56996301}.Debug|x86.ActiveCfg = Debug|Win32
		{F52BB0E0-6EE4-4693-9B79-6D8B56996301}.Debug|x86.Build.0 = Debug|Win32
		{F52BB0E0-6EE4-4693-9B79-6D8B56996301}.Release|x64.ActiveCfg = Release|x64
		{F52BB0E0-6EE4-4693-9B79-6D8B56996301}.Release|x64.Build.0 = Release|x64
		{F52BB0E0-6EE4-4693-9B79-6D8B56996301}.Release|x86.ActiveCfg = Release|Win32
		{F52BB0E0-6EE4-4693-9B79-6D8B56996301}.Release|x86.Build.0 = Release|Win32
		{35073E49-F980-4A32-B79C-18ACF27688F4}.Debug|x64.ActiveCfg = Debug|x64
		{35073E49-F980-4A32-B79C-18ACF27688F4}.Debug|x64.Build.0 = Debug|x64
		{35073E49-F980-4A32-B79C-18ACF27688F4}.Debug|x86.ActiveCfg = Debug|Win32
		{35073E49-F980-4A32-B79C-18ACF27688F4}.Debug|x86.Build.0 = Debug|Win32
		{35073E49-F980-4A32-B79C-18ACF27688F4}.Release|x64.ActiveCfg = Release|x64
		{35073E49-F980-4A32-B79C-18ACF27688F4}.Release|x64.Build.0 = Release|x64
		{35073E49-F980-4A32-B79C-18ACF27688F4}.Release|x86.ActiveCfg = Release|Win32
		{35073E49-F980-4A32-B79C-18ACF27688F4}.Release|x86.Build.0 = Release|Win32
		{D31803FB-84D3-4671-9E42-9369A517D10D}.Debug|x64.ActiveCfg = Debug|x64
		{D31803FB-84D3-4671-9E42-9369A517D10D}.Debug|x64.Build.0 = Debug|x64
		{D31803FB-84D3-4671-9E42-9369A517D10D}.Debug|x86.ActiveCfg = Debug|Win32
		{D31803FB-84D3-4671-9E42-9369A517D10D}.Debug|x86.Build.0 = Debug|Win32
		{D31803FB-84D3-4671-9E42-9369A517D10D}.Release|x64.ActiveCfg = Release|x64
		{D31803FB-84D3-4671-9E42-9369A517D10D}.Release|x64.Build.0 = Release|x64
		{D31803FB-84D3-4671-9E42-9369A517D10D}.Release|x86.ActiveCfg = Release|Win32
		{D31803FB-84D3-4671-9E42-9369A517D10D}.Release|x86.Build.0 = Release|Win32
		{9D9A0F5A-4EAF-4661-B051-674A63F92A8F}.Debug|x64.ActiveCfg = Debug|x64
		{9D9A0F5A-4EAF-4661-B051-674A63F92A8F}.Debug|x64.Build.0 = Debug|x64
		{9D9A0F5A-4EAF-4661-B051-674A63F92A8F}.Debug|x86.ActiveCfg = Debug|Win32
		{9D9A0F5A-4EAF-4661-B051-674A63F92A8F}.Debug|x86.Build.0 = Debug|Win32
		{9D9A0F5A-4EAF-4661-B051-674A63F92A8F}.Release|x64.ActiveCfg = Release|x64
		{9D9A0F5A-4EAF-4661-B051-674A63F92A8F}.Release|x64.Build.0 = Release|x64
		{9D9A0F5A-4EAF-4661-B051-674A63F92A8F}.Release|x86.ActiveCfg = Release|Win32
		{9D9A0F5A-4EAF-4661-B051-674A63F92A8F}.Release|x86.Build.0 = Release|Win32
		{AF8BC86A-8B19-4143-A91A-743A03360A0E}.Debug|x64.ActiveCfg = Debug|x64
		{AF8BC86A-8B19-4143-A91A-743A03360A0E}.Debug|x64.Build.0 = Debug|x64
		{AF8BC86A-8B19-4143-A91A-743A03360A0E}.Debug|x86.ActiveCfg = Debug|Win32
		{AF8BC86A-8B19-4143-A91A-743A03360A0E}.Debug|x86.Build.0 = Debug|Win32
		{AF8BC86A-8B19-4143-A91A-743A03360A0E}.Release|x64.ActiveCfg = Release|x64
		{AF8BC86A-8B19-4143-A91A-743A03360A0E}.Release|x64.Build.0 = Release|x64
		{AF8BC86A-8B19-4143-A91A-743A03360A0E}.Release|x86.ActiveCfg = Release|Win32
		{AF8BC86A-8B19-4143-A91A-743A03360A0E}.Release|x86.Build.0 = Release|Win32
		{F3F8222C-BA7F-43B8-AFCE-449D244A47A8}.Debug|x64.ActiveCfg = Debug|x64
		{F3F8222C-BA7F-43B8-AFCE-449D244A47A8}.Debug|x64.Build.0 = Debug|x64
		{F3F8222C-BA7F-43B8-AFCE-449D244A47A8}.Debug|x86.ActiveCfg = Debug|Win32
		{F3F8222C-BA7F-43B8-AFCE-449D244A47A8}.Debug|x86.Build.0 = Debug|Win32
		{F3F8222C-BA7F-43B8-AFCE-449D244A47A8}.Release|x64.ActiveCfg = Release|x64
		{F3F8222C-BA7F-43B8-AFCE-449D244A47A8}.Release|x64.Build.0 = Release|x64
		{F3F8222C-BA7F-43B8-AFCE-449D244A47A8}.Release|x86.ActiveCfg = Release|Win32
		{F3F8222C-BA7F-43B8-AFCE-449D244A47A8}.Release|x86.Build.0 = Release|Win32
		{4C5DC16A-75E0-49D6-976A-E1DF102EF4AD}.Debug|x64.ActiveCfg = Debug|x64
		{4C5DC16A-75E0-49D6-976A-E1DF102EF4AD}.Debug|x64.Build.0 = Debug|x64
		{4C5DC16A-75E0-49D6-976A-E1DF102EF4AD}.Debug|x86.ActiveCfg = Debug|Win32
		{4C5DC16A-75E0-49D6-976A-E1DF102EF4AD}.Debug|x86.Build.0 = Debug|Win32
		{4C5DC16A-75E0-49D6-976A-E1DF102EF4AD}.Release|x64.ActiveCfg = Release|x64
		{4C5DC16A-75E0-49D6-976A-E1DF102EF4AD}.Release|x64.Build.0 = Release|x64
		{4C5DC16A-75E0-49D6-976A-E1DF102EF4AD}.Release|x86.ActiveCfg = Release|Win32
		{4C5DC16A-75E0-49D6-976A-E1DF102EF4AD}.Release|x86.Build.0 = Release|Win32
		{94B7BC55-AA7C-4B0B-B793-9319145DA72D}.Debug|x64.ActiveCfg = Debug|x64
		{94B7BC55-AA7C-4B0B-B793-9319145DA72D}.Debug|x64.Build.0 = Debug|x64
		{94B7BC55-AA7C-4B0B-B793-9319145DA72D}.Debug|x86.ActiveCfg = Debug|Win32
		{94B7BC55-AA7C-4B0B-B793-9319145DA72D}.Debug|x86.Build.0 = Debug|Win32
		{94B7BC55-AA7C-4B0B-B793-9319145DA72D}.Release|x64.ActiveCfg = Release|x64
		{94B7BC55-AA7C-4B0B-B793-9319145DA72D}.Release|x64.Build.0 = Release|x64
		{94B7BC55-AA7C-4B0B-B793-9319145DA72D}.Release|x86.ActiveCfg = Release|Win32
		{94B7BC55-AA7C-4B0B-B793-9319145DA72D}.Release|x86.Build.0 = Release|Win32
		{BD3728B9-40A8-4A50-81C3-CE99158C9AE1}.Debug|x64.ActiveCfg = Debug|x64
		{BD3728B9-40A8-4A50-81C3-CE99158C9AE1}.Debug|x64.Build.0 = Debug|x64
		{BD3728B9-40A8-4A50-81C3-CE99158C9AE1}.Debug|x86.ActiveCfg = Debug|Win32
		{BD3728B9-40A8-4A50-81C3-CE99158C9AE1}.Debug|x86.Build.0 = Debug|Win32
		{BD3728B9-40A8-4A50-81C3-CE99158C9AE1}.Release|x64.ActiveCfg = Release|x64
		{BD3728B9-40A8-4A50-81C3-CE99158C9AE1}.Release|x64.Build.0 = Release|x64
		{BD3728B9-40A8-4A50-81C3-CE99158C9AE1}.Release|x86.ActiveCfg = Release|Win32
		{BD3728B9-40A8-4A50-81C3-CE99158C9AE1}.Release|x86.Build.0 = Release|Win32
		{599246E8-DB4B-41B9-808C-756CC10EBF2A}.Debug|x64.ActiveCfg = Debug|x64
		{599246E8-DB4B-41B9-808C-756CC10EBF2A}.Debug|x64.Build.0 = Debug|x64
		{599246E8-DB4B-41B9-808C-756CC10EBF2A}.Debug|x86.ActiveCfg = Debug|Win32
		{599246E8-DB4B-41B9-808C-756CC10EBF2A}.Debug|x86.Build.0 = Debug|Win32
		{599246E8-DB4B-41B9-808C-756CC10EBF2A}.Release|x64.ActiveCfg = Release|x64
		{599246E8-DB4B-41B9-808C-756CC10EBF2A}.Release|x64.Build.0 = Release|x64
		{599246E8-DB4B-41B9-808C-756CC10EBF2A}.Release|x86.ActiveCfg = Release|Win32
		{599246E8-DB4B-41B9-808C-756CC10EBF2A}.Release|x86.Build.0 = Release|Win32
		{2C0DF37B-B98E-417A-BF33-42B490562FD4}.Debug|x64.ActiveCfg = Debug|x64
		{2C0DF37B-B98E-417A-BF33-42B490562FD4}.Debug|x64.Build.0 = Debug|x64
		{2C0DF37B-B98E-417A-BF33-42B490562FD4}.Debug|x86.ActiveCfg = Debug|Win32
		{2C0DF37B-B98E-417A-BF33-42B490562FD4}.Debug|x86.Build.0 = Debug|Win32
		{2C0DF37B-B98E-417A-BF33-42B490562FD4}.Release|x64.ActiveCfg = Release|x64
		{2C0DF37B-B98E-417A-BF33-42B490562FD4}.Release|x64.Build.0 = Release|x64
		{2C0DF37B-B98E-417A-BF33-42B490562FD4}.Release|x86.ActiveCfg = Release|Win32
		{2C0DF37B-B98E-417A-BF33-42B490562FD4}.Release|x86.Build.0 = Release|Win32
	EndGlobalSection
	GlobalSection(SolutionProperties) = preSolution
		HideSolutionNode = FALSE
	EndGlobalSection
	GlobalSection(ExtensibilityGlobals) = postSolution
		SolutionGuid = {4D121ED1-76FF-408A-950E-3AC897BB87BC}
	EndGlobalSection
EndGlobal
